// !$*UTF8*$!
{
	archiveVersion = 1;
	classes = {
	};
	objectVersion = 46;
	objects = {

/* Begin PBXBuildFile section */
		8309FEE31AFDE42700504AAB /* AppDelegate.m in Sources */ = {isa = PBXBuildFile; fileRef = 8309FEE21AFDE42700504AAB /* AppDelegate.m */; };
		8309FEE51AFDE42700504AAB /* main.m in Sources */ = {isa = PBXBuildFile; fileRef = 8309FEE41AFDE42700504AAB /* main.m */; };
		8309FEE81AFDE42700504AAB /* ViewController.m in Sources */ = {isa = PBXBuildFile; fileRef = 8309FEE71AFDE42700504AAB /* ViewController.m */; };
		8309FEEA1AFDE42700504AAB /* Images.xcassets in Resources */ = {isa = PBXBuildFile; fileRef = 8309FEE91AFDE42700504AAB /* Images.xcassets */; };
		8309FEED1AFDE42700504AAB /* Main.storyboard in Resources */ = {isa = PBXBuildFile; fileRef = 8309FEEB1AFDE42700504AAB /* Main.storyboard */; };
		8309FEF91AFDE42800504AAB /* TrackMixTests.m in Sources */ = {isa = PBXBuildFile; fileRef = 8309FEF81AFDE42800504AAB /* TrackMixTests.m */; };
/* End PBXBuildFile section */

/* Begin PBXContainerItemProxy section */
		8309FEF31AFDE42800504AAB /* PBXContainerItemProxy */ = {
			isa = PBXContainerItemProxy;
			containerPortal = 8309FED41AFDE42700504AAB /* Project object */;
			proxyType = 1;
			remoteGlobalIDString = 8309FEDB1AFDE42700504AAB;
			remoteInfo = TrackMix;
		};
/* End PBXContainerItemProxy section */

/* Begin PBXFileReference section */
		8309FEDC1AFDE42700504AAB /* TrackMix.app */ = {isa = PBXFileReference; explicitFileType = wrapper.application; includeInIndex = 0; path = TrackMix.app; sourceTree = BUILT_PRODUCTS_DIR; };
		8309FEE01AFDE42700504AAB /* Info.plist */ = {isa = PBXFileReference; lastKnownFileType = text.plist.xml; path = Info.plist; sourceTree = "<group>"; };
		8309FEE11AFDE42700504AAB /* AppDelegate.h */ = {isa = PBXFileReference; lastKnownFileType = sourcecode.c.h; path = AppDelegate.h; sourceTree = "<group>"; };
		8309FEE21AFDE42700504AAB /* AppDelegate.m */ = {isa = PBXFileReference; lastKnownFileType = sourcecode.c.objc; path = AppDelegate.m; sourceTree = "<group>"; };
		8309FEE41AFDE42700504AAB /* main.m */ = {isa = PBXFileReference; lastKnownFileType = sourcecode.c.objc; path = main.m; sourceTree = "<group>"; };
		8309FEE61AFDE42700504AAB /* ViewController.h */ = {isa = PBXFileReference; lastKnownFileType = sourcecode.c.h; path = ViewController.h; sourceTree = "<group>"; };
		8309FEE71AFDE42700504AAB /* ViewController.m */ = {isa = PBXFileReference; lastKnownFileType = sourcecode.c.objc; path = ViewController.m; sourceTree = "<group>"; };
		8309FEE91AFDE42700504AAB /* Images.xcassets */ = {isa = PBXFileReference; lastKnownFileType = folder.assetcatalog; path = Images.xcassets; sourceTree = "<group>"; };
		8309FEEC1AFDE42700504AAB /* Base */ = {isa = PBXFileReference; lastKnownFileType = file.storyboard; name = Base; path = Base.lproj/Main.storyboard; sourceTree = "<group>"; };
		8309FEF21AFDE42800504AAB /* TrackMixTests.xctest */ = {isa = PBXFileReference; explicitFileType = wrapper.cfbundle; includeInIndex = 0; path = TrackMixTests.xctest; sourceTree = BUILT_PRODUCTS_DIR; };
		8309FEF71AFDE42800504AAB /* Info.plist */ = {isa = PBXFileReference; lastKnownFileType = text.plist.xml; path = Info.plist; sourceTree = "<group>"; };
		8309FEF81AFDE42800504AAB /* TrackMixTests.m */ = {isa = PBXFileReference; lastKnownFileType = sourcecode.c.objc; path = TrackMixTests.m; sourceTree = "<group>"; };
/* End PBXFileReference section */

/* Begin PBXFrameworksBuildPhase section */
		8309FED91AFDE42700504AAB /* Frameworks */ = {
			isa = PBXFrameworksBuildPhase;
			buildActionMask = 2147483647;
			files = (
			);
			runOnlyForDeploymentPostprocessing = 0;
		};
		8309FEEF1AFDE42800504AAB /* Frameworks */ = {
			isa = PBXFrameworksBuildPhase;
			buildActionMask = 2147483647;
			files = (
			);
			runOnlyForDeploymentPostprocessing = 0;
		};
/* End PBXFrameworksBuildPhase section */

/* Begin PBXGroup section */
		8309FED31AFDE42700504AAB = {
			isa = PBXGroup;
			children = (
				8309FEDE1AFDE42700504AAB /* TrackMix */,
				8309FEF51AFDE42800504AAB /* TrackMixTests */,
				8309FEDD1AFDE42700504AAB /* Products */,
			);
			sourceTree = "<group>";
		};
		8309FEDD1AFDE42700504AAB /* Products */ = {
			isa = PBXGroup;
			children = (
				8309FEDC1AFDE42700504AAB /* TrackMix.app */,
				8309FEF21AFDE42800504AAB /* TrackMixTests.xctest */,
			);
			name = Products;
			sourceTree = "<group>";
		};
		8309FEDE1AFDE42700504AAB /* TrackMix */ = {
			isa = PBXGroup;
			children = (
				8309FEE11AFDE42700504AAB /* AppDelegate.h */,
				8309FEE21AFDE42700504AAB /* AppDelegate.m */,
				8309FEE61AFDE42700504AAB /* ViewController.h */,
				8309FEE71AFDE42700504AAB /* ViewController.m */,
				8309FEE91AFDE42700504AAB /* Images.xcassets */,
				8309FEEB1AFDE42700504AAB /* Main.storyboard */,
				8309FEDF1AFDE42700504AAB /* Supporting Files */,
			);
			path = TrackMix;
			sourceTree = "<group>";
		};
		8309FEDF1AFDE42700504AAB /* Supporting Files */ = {
			isa = PBXGroup;
			children = (
				8309FEE01AFDE42700504AAB /* Info.plist */,
				8309FEE41AFDE42700504AAB /* main.m */,
			);
			name = "Supporting Files";
			sourceTree = "<group>";
		};
		8309FEF51AFDE42800504AAB /* TrackMixTests */ = {
			isa = PBXGroup;
			children = (
				8309FEF81AFDE42800504AAB /* TrackMixTests.m */,
				8309FEF61AFDE42800504AAB /* Supporting Files */,
			);
			path = TrackMixTests;
			sourceTree = "<group>";
		};
		8309FEF61AFDE42800504AAB /* Supporting Files */ = {
			isa = PBXGroup;
			children = (
				8309FEF71AFDE42800504AAB /* Info.plist */,
			);
			name = "Supporting Files";
			sourceTree = "<group>";
		};
/* End PBXGroup section */

/* Begin PBXNativeTarget section */
		8309FEDB1AFDE42700504AAB /* TrackMix */ = {
			isa = PBXNativeTarget;
			buildConfigurationList = 8309FEFC1AFDE42800504AAB /* Build configuration list for PBXNativeTarget "TrackMix" */;
			buildPhases = (
				8309FED81AFDE42700504AAB /* Sources */,
				8309FED91AFDE42700504AAB /* Frameworks */,
				8309FEDA1AFDE42700504AAB /* Resources */,
			);
			buildRules = (
			);
			dependencies = (
			);
			name = TrackMix;
			productName = TrackMix;
			productReference = 8309FEDC1AFDE42700504AAB /* TrackMix.app */;
			productType = "com.apple.product-type.application";
		};
		8309FEF11AFDE42800504AAB /* TrackMixTests */ = {
			isa = PBXNativeTarget;
			buildConfigurationList = 8309FEFF1AFDE42800504AAB /* Build configuration list for PBXNativeTarget "TrackMixTests" */;
			buildPhases = (
				8309FEEE1AFDE42800504AAB /* Sources */,
				8309FEEF1AFDE42800504AAB /* Frameworks */,
				8309FEF01AFDE42800504AAB /* Resources */,
			);
			buildRules = (
			);
			dependencies = (
				8309FEF41AFDE42800504AAB /* PBXTargetDependency */,
			);
			name = TrackMixTests;
			productName = TrackMixTests;
			productReference = 8309FEF21AFDE42800504AAB /* TrackMixTests.xctest */;
			productType = "com.apple.product-type.bundle.unit-test";
		};
/* End PBXNativeTarget section */

/* Begin PBXProject section */
		8309FED41AFDE42700504AAB /* Project object */ = {
			isa = PBXProject;
			attributes = {
				LastUpgradeCheck = 0630;
				ORGANIZATIONNAME = "Chris Lyon";
				TargetAttributes = {
					8309FEDB1AFDE42700504AAB = {
						CreatedOnToolsVersion = 6.3.1;
					};
					8309FEF11AFDE42800504AAB = {
						CreatedOnToolsVersion = 6.3.1;
						TestTargetID = 8309FEDB1AFDE42700504AAB;
					};
				};
			};
			buildConfigurationList = 8309FED71AFDE42700504AAB /* Build configuration list for PBXProject "TrackMix" */;
			compatibilityVersion = "Xcode 3.2";
			developmentRegion = English;
			hasScannedForEncodings = 0;
			knownRegions = (
				en,
				Base,
			);
			mainGroup = 8309FED31AFDE42700504AAB;
			productRefGroup = 8309FEDD1AFDE42700504AAB /* Products */;
			projectDirPath = "";
			projectRoot = "";
			targets = (
				8309FEDB1AFDE42700504AAB /* TrackMix */,
				8309FEF11AFDE42800504AAB /* TrackMixTests */,
			);
		};
/* End PBXProject section */

/* Begin PBXResourcesBuildPhase section */
		8309FEDA1AFDE42700504AAB /* Resources */ = {
			isa = PBXResourcesBuildPhase;
			buildActionMask = 2147483647;
			files = (
				8309FEEA1AFDE42700504AAB /* Images.xcassets in Resources */,
				8309FEED1AFDE42700504AAB /* Main.storyboard in Resources */,
			);
			runOnlyForDeploymentPostprocessing = 0;
		};
		8309FEF01AFDE42800504AAB /* Resources */ = {
			isa = PBXResourcesBuildPhase;
			buildActionMask = 2147483647;
			files = (
			);
			runOnlyForDeploymentPostprocessing = 0;
		};
/* End PBXResourcesBuildPhase section */

/* Begin PBXSourcesBuildPhase section */
		8309FED81AFDE42700504AAB /* Sources */ = {
			isa = PBXSourcesBuildPhase;
			buildActionMask = 2147483647;
			files = (
				8309FEE81AFDE42700504AAB /* ViewController.m in Sources */,
				8309FEE51AFDE42700504AAB /* main.m in Sources */,
				8309FEE31AFDE42700504AAB /* AppDelegate.m in Sources */,
			);
			runOnlyForDeploymentPostprocessing = 0;
		};
		8309FEEE1AFDE42800504AAB /* Sources */ = {
			isa = PBXSourcesBuildPhase;
			buildActionMask = 2147483647;
			files = (
				8309FEF91AFDE42800504AAB /* TrackMixTests.m in Sources */,
			);
			runOnlyForDeploymentPostprocessing = 0;
		};
/* End PBXSourcesBuildPhase section */

/* Begin PBXTargetDependency section */
		8309FEF41AFDE42800504AAB /* PBXTargetDependency */ = {
			isa = PBXTargetDependency;
			target = 8309FEDB1AFDE42700504AAB /* TrackMix */;
			targetProxy = 8309FEF31AFDE42800504AAB /* PBXContainerItemProxy */;
		};
/* End PBXTargetDependency section */

/* Begin PBXVariantGroup section */
		8309FEEB1AFDE42700504AAB /* Main.storyboard */ = {
			isa = PBXVariantGroup;
			children = (
				8309FEEC1AFDE42700504AAB /* Base */,
			);
			name = Main.storyboard;
			sourceTree = "<group>";
		};
/* End PBXVariantGroup section */

/* Begin XCBuildConfiguration section */
		8309FEFA1AFDE42800504AAB /* Debug */ = {
			isa = XCBuildConfiguration;
			buildSettings = {
				ALWAYS_SEARCH_USER_PATHS = NO;
				CLANG_CXX_LANGUAGE_STANDARD = "gnu++0x";
				CLANG_CXX_LIBRARY = "libc++";
				CLANG_ENABLE_MODULES = YES;
				CLANG_ENABLE_OBJC_ARC = YES;
				CLANG_WARN_BOOL_CONVERSION = YES;
				CLANG_WARN_CONSTANT_CONVERSION = YES;
				CLANG_WARN_DIRECT_OBJC_ISA_USAGE = YES_ERROR;
				CLANG_WARN_EMPTY_BODY = YES;
				CLANG_WARN_ENUM_CONVERSION = YES;
				CLANG_WARN_INT_CONVERSION = YES;
				CLANG_WARN_OBJC_ROOT_CLASS = YES_ERROR;
				CLANG_WARN_UNREACHABLE_CODE = YES;
				CLANG_WARN__DUPLICATE_METHOD_MATCH = YES;
				CODE_SIGN_IDENTITY = "-";
				COPY_PHASE_STRIP = NO;
				DEBUG_INFORMATION_FORMAT = dwarf;
				ENABLE_STRICT_OBJC_MSGSEND = YES;
				GCC_C_LANGUAGE_STANDARD = gnu99;
				GCC_DYNAMIC_NO_PIC = NO;
				GCC_NO_COMMON_BLOCKS = YES;
				GCC_OPTIMIZATION_LEVEL = 0;
				GCC_PREPROCESSOR_DEFINITIONS = (
					"DEBUG=1",
					"$(inherited)",
				);
				GCC_SYMBOLS_PRIVATE_EXTERN = NO;
				GCC_WARN_64_TO_32_BIT_CONVERSION = YES;
				GCC_WARN_ABOUT_RETURN_TYPE = YES_ERROR;
				GCC_WARN_UNDECLARED_SELECTOR = YES;
				GCC_WARN_UNINITIALIZED_AUTOS = YES_AGGRESSIVE;
				GCC_WARN_UNUSED_FUNCTION = YES;
				GCC_WARN_UNUSED_VARIABLE = YES;
				MACOSX_DEPLOYMENT_TARGET = 10.10;
				MTL_ENABLE_DEBUG_INFO = YES;
				ONLY_ACTIVE_ARCH = YES;
				SDKROOT = macosx;
			};
			name = Debug;
		};
		8309FEFB1AFDE42800504AAB /* Release */ = {
			isa = XCBuildConfiguration;
			buildSettings = {
				ALWAYS_SEARCH_USER_PATHS = NO;
				CLANG_CXX_LANGUAGE_STANDARD = "gnu++0x";
				CLANG_CXX_LIBRARY = "libc++";
				CLANG_ENABLE_MODULES = YES;
				CLANG_ENABLE_OBJC_ARC = YES;
				CLANG_WARN_BOOL_CONVERSION = YES;
				CLANG_WARN_CONSTANT_CONVERSION = YES;
				CLANG_WARN_DIRECT_OBJC_ISA_USAGE = YES_ERROR;
				CLANG_WARN_EMPTY_BODY = YES;
				CLANG_WARN_ENUM_CONVERSION = YES;
				CLANG_WARN_INT_CONVERSION = YES;
				CLANG_WARN_OBJC_ROOT_CLASS = YES_ERROR;
				CLANG_WARN_UNREACHABLE_CODE = YES;
				CLANG_WARN__DUPLICATE_METHOD_MATCH = YES;
				CODE_SIGN_IDENTITY = "-";
				COPY_PHASE_STRIP = NO;
				DEBUG_INFORMATION_FORMAT = "dwarf-with-dsym";
				ENABLE_NS_ASSERTIONS = NO;
				ENABLE_STRICT_OBJC_MSGSEND = YES;
				GCC_C_LANGUAGE_STANDARD = gnu99;
				GCC_NO_COMMON_BLOCKS = YES;
				GCC_WARN_64_TO_32_BIT_CONVERSION = YES;
				GCC_WARN_ABOUT_RETURN_TYPE = YES_ERROR;
				GCC_WARN_UNDECLARED_SELECTOR = YES;
				GCC_WARN_UNINITIALIZED_AUTOS = YES_AGGRESSIVE;
				GCC_WARN_UNUSED_FUNCTION = YES;
				GCC_WARN_UNUSED_VARIABLE = YES;
				MACOSX_DEPLOYMENT_TARGET = 10.10;
				MTL_ENABLE_DEBUG_INFO = NO;
				SDKROOT = macosx;
			};
			name = Release;
		};
		8309FEFD1AFDE42800504AAB /* Debug */ = {
			isa = XCBuildConfiguration;
			buildSettings = {
				ASSETCATALOG_COMPILER_APPICON_NAME = AppIcon;
				COMBINE_HIDPI_IMAGES = YES;
				INFOPLIST_FILE = TrackMix/Info.plist;
				LD_RUNPATH_SEARCH_PATHS = "$(inherited) @executable_path/../Frameworks";
				PRODUCT_NAME = "$(TARGET_NAME)";
			};
			name = Debug;
		};
		8309FEFE1AFDE42800504AAB /* Release */ = {
			isa = XCBuildConfiguration;
			buildSettings = {
				ASSETCATALOG_COMPILER_APPICON_NAME = AppIcon;
				COMBINE_HIDPI_IMAGES = YES;
				INFOPLIST_FILE = TrackMix/Info.plist;
				LD_RUNPATH_SEARCH_PATHS = "$(inherited) @executable_path/../Frameworks";
				PRODUCT_NAME = "$(TARGET_NAME)";
			};
			name = Release;
		};
		8309FF001AFDE42800504AAB /* Debug */ = {
			isa = XCBuildConfiguration;
			buildSettings = {
				BUNDLE_LOADER = "$(TEST_HOST)";
				COMBINE_HIDPI_IMAGES = YES;
				FRAMEWORK_SEARCH_PATHS = (
					"$(DEVELOPER_FRAMEWORKS_DIR)",
					"$(inherited)",
				);
				GCC_PREPROCESSOR_DEFINITIONS = (
					"DEBUG=1",
					"$(inherited)",
				);
				INFOPLIST_FILE = TrackMixTests/Info.plist;
				LD_RUNPATH_SEARCH_PATHS = "$(inherited) @executable_path/../Frameworks @loader_path/../Frameworks";
				PRODUCT_NAME = "$(TARGET_NAME)";
				TEST_HOST = "$(BUILT_PRODUCTS_DIR)/TrackMix.app/Contents/MacOS/TrackMix";
			};
			name = Debug;
		};
		8309FF011AFDE42800504AAB /* Release */ = {
			isa = XCBuildConfiguration;
			buildSettings = {
				BUNDLE_LOADER = "$(TEST_HOST)";
				COMBINE_HIDPI_IMAGES = YES;
				FRAMEWORK_SEARCH_PATHS = (
					"$(DEVELOPER_FRAMEWORKS_DIR)",
					"$(inherited)",
				);
				INFOPLIST_FILE = TrackMixTests/Info.plist;
				LD_RUNPATH_SEARCH_PATHS = "$(inherited) @executable_path/../Frameworks @loader_path/../Frameworks";
				PRODUCT_NAME = "$(TARGET_NAME)";
				TEST_HOST = "$(BUILT_PRODUCTS_DIR)/TrackMix.app/Contents/MacOS/TrackMix";
			};
			name = Release;
		};
/* End XCBuildConfiguration section */

/* Begin XCConfigurationList section */
		8309FED71AFDE42700504AAB /* Build configuration list for PBXProject "TrackMix" */ = {
			isa = XCConfigurationList;
			buildConfigurations = (
				8309FEFA1AFDE42800504AAB /* Debug */,
				8309FEFB1AFDE42800504AAB /* Release */,
			);
			defaultConfigurationIsVisible = 0;
			defaultConfigurationName = Release;
		};
		8309FEFC1AFDE42800504AAB /* Build configuration list for PBXNativeTarget "TrackMix" */ = {
			isa = XCConfigurationList;
			buildConfigurations = (
				8309FEFD1AFDE42800504AAB /* Debug */,
				8309FEFE1AFDE42800504AAB /* Release */,
			);
			defaultConfigurationIsVisible = 0;
		};
		8309FEFF1AFDE42800504AAB /* Build configuration list for PBXNativeTarget "TrackMixTests" */ = {
			isa = XCConfigurationList;
			buildConfigurations = (
				8309FF001AFDE42800504AAB /* Debug */,
				8309FF011AFDE42800504AAB /* Release */,
			);
			defaultConfigurationIsVisible = 0;
		};
/* End XCConfigurationList section */
	};
	rootObject = 8309FED41AFDE42700504AAB /* Project object */;
}
